
Microsoft Visual Studio Solution File, Format Version 12.00
# Visual Studio Version 16
VisualStudioVersion = 16.0.29709.97
MinimumVisualStudioVersion = 10.0.40219.1
Project("{F2A71F9B-5D33-465A-A702-920D77279786}") = "DEV207_M1", "DEV207_M1\DEV207_M1.fsproj", "{81B687EF-259F-4CE0-B863-22AAC202C3D0}"
EndProject
Project("{F2A71F9B-5D33-465A-A702-920D77279786}") = "FSExpert.Practice", "FSExpert.Practice\FSExpert.Practice.fsproj", "{BE4F8FE1-2D60-4C06-9444-7C524F1E662C}"
EndProject
Project("{F2A71F9B-5D33-465A-A702-920D77279786}") = "GetProgrammingBook", "GetProgrammingBook\GetProgrammingBook.fsproj", "{BE55F404-429E-4BEB-ACC2-854671A2E75B}"
EndProject
Global
	GlobalSection(SolutionConfigurationPlatforms) = preSolution
		Debug|Any CPU = Debug|Any CPU
		Release|Any CPU = Release|Any CPU
	EndGlobalSection
	GlobalSection(ProjectConfigurationPlatforms) = postSolution
		{81B687EF-259F-4CE0-B863-22AAC202C3D0}.Debug|Any CPU.ActiveCfg = Debug|Any CPU
		{81B687EF-259F-4CE0-B863-22AAC202C3D0}.Debug|Any CPU.Build.0 = Debug|Any CPU
		{81B687EF-259F-4CE0-B863-22AAC202C3D0}.Release|Any CPU.ActiveCfg = Release|Any CPU
		{81B687EF-259F-4CE0-B863-22AAC202C3D0}.Release|Any CPU.Build.0 = Release|Any CPU
		{BE4F8FE1-2D60-4C06-9444-7C524F1E662C}.Debug|Any CPU.ActiveCfg = Debug|Any CPU
		{BE4F8FE1-2D60-4C06-9444-7C524F1E662C}.Debug|Any CPU.Build.0 = Debug|Any CPU
		{BE4F8FE1-2D60-4C06-9444-7C524F1E662C}.Release|Any CPU.ActiveCfg = Release|Any CPU
		{BE4F8FE1-2D60-4C06-9444-7C524F1E662C}.Release|Any CPU.Build.0 = Release|Any CPU
		{BE55F404-429E-4BEB-ACC2-854671A2E75B}.Debug|Any CPU.ActiveCfg = Debug|Any CPU
		{BE55F404-429E-4BEB-ACC2-854671A2E75B}.Debug|Any CPU.Build.0 = Debug|Any CPU
		{BE55F404-429E-4BEB-ACC2-854671A2E75B}.Release|Any CPU.ActiveCfg = Release|Any CPU
		{BE55F404-429E-4BEB-ACC2-854671A2E75B}.Release|Any CPU.Build.0 = Release|Any CPU
	EndGlobalSection
	GlobalSection(SolutionProperties) = preSolution
		HideSolutionNode = FALSE
	EndGlobalSection
	GlobalSection(ExtensibilityGlobals) = postSolution
		SolutionGuid = {14F6BFFD-F751-4906-A384-0639592818B8}
	EndGlobalSection
EndGlobal
